
Microsoft Visual Studio Solution File, Format Version 12.00
# Visual Studio 14
VisualStudioVersion = 14.0.25123.0
MinimumVisualStudioVersion = 10.0.40219.1
Project("{FAE04EC0-301F-11D3-BF4B-00C04F79EFBC}") = "NewProject.Droid", "NewProject\NewProject.Droid\NewProject.Droid.csproj", "{BADE42BB-3EB2-4C3C-969E-63B0E30903F1}"
EndProject
Project("{FAE04EC0-301F-11D3-BF4B-00C04F79EFBC}") = "NewProject.iOS", "NewProject\NewProject.iOS\NewProject.iOS.csproj", "{C567A9AD-6740-4A70-AA42-28C625E293B2}"
EndProject
Project("{FAE04EC0-301F-11D3-BF4B-00C04F79EFBC}") = "NewProject.WinPhone", "NewProject\NewProject.WinPhone\NewProject.WinPhone.csproj", "{A3E9AFB2-C2BB-4664-91BA-4376C513991C}"
EndProject
Project("{FAE04EC0-301F-11D3-BF4B-00C04F79EFBC}") = "NewProject.UWP", "NewProject\NewProject.UWP\NewProject.UWP.csproj", "{3B017880-9C93-423B-9F9B-0EC093A50D79}"
EndProject
Project("{FAE04EC0-301F-11D3-BF4B-00C04F79EFBC}") = "NewProject.Windows", "NewProject\NewProject.Windows\NewProject.Windows.csproj", "{FFF7A231-BA37-42F7-9192-D43C1AA91462}"
EndProject
Project("{FAE04EC0-301F-11D3-BF4B-00C04F79EFBC}") = "NewProject", "NewProject\NewProject\NewProject.csproj", "{8BF276B5-BF42-4AEE-85D4-5358363C2B70}"
EndProject
Global
	GlobalSection(SolutionConfigurationPlatforms) = preSolution
		Ad-Hoc|Any CPU = Ad-Hoc|Any CPU
		Ad-Hoc|ARM = Ad-Hoc|ARM
		Ad-Hoc|iPhone = Ad-Hoc|iPhone
		Ad-Hoc|iPhoneSimulator = Ad-Hoc|iPhoneSimulator
		Ad-Hoc|x64 = Ad-Hoc|x64
		Ad-Hoc|x86 = Ad-Hoc|x86
		AppStore|Any CPU = AppStore|Any CPU
		AppStore|ARM = AppStore|ARM
		AppStore|iPhone = AppStore|iPhone
		AppStore|iPhoneSimulator = AppStore|iPhoneSimulator
		AppStore|x64 = AppStore|x64
		AppStore|x86 = AppStore|x86
		Debug|Any CPU = Debug|Any CPU
		Debug|ARM = Debug|ARM
		Debug|iPhone = Debug|iPhone
		Debug|iPhoneSimulator = Debug|iPhoneSimulator
		Debug|x64 = Debug|x64
		Debug|x86 = Debug|x86
		Release|Any CPU = Release|Any CPU
		Release|ARM = Release|ARM
		Release|iPhone = Release|iPhone
		Release|iPhoneSimulator = Release|iPhoneSimulator
		Release|x64 = Release|x64
		Release|x86 = Release|x86
	EndGlobalSection
	GlobalSection(ProjectConfigurationPlatforms) = postSolution
		{BADE42BB-3EB2-4C3C-969E-63B0E30903F1}.Ad-Hoc|Any CPU.ActiveCfg = Release|Any CPU
		{BADE42BB-3EB2-4C3C-969E-63B0E30903F1}.Ad-Hoc|Any CPU.Build.0 = Release|Any CPU
		{BADE42BB-3EB2-4C3C-969E-63B0E30903F1}.Ad-Hoc|Any CPU.Deploy.0 = Release|Any CPU
		{BADE42BB-3EB2-4C3C-969E-63B0E30903F1}.Ad-Hoc|ARM.ActiveCfg = Release|Any CPU
		{BADE42BB-3EB2-4C3C-969E-63B0E30903F1}.Ad-Hoc|ARM.Build.0 = Release|Any CPU
		{BADE42BB-3EB2-4C3C-969E-63B0E30903F1}.Ad-Hoc|ARM.Deploy.0 = Release|Any CPU
		{BADE42BB-3EB2-4C3C-969E-63B0E30903F1}.Ad-Hoc|iPhone.ActiveCfg = Release|Any CPU
		{BADE42BB-3EB2-4C3C-969E-63B0E30903F1}.Ad-Hoc|iPhone.Build.0 = Release|Any CPU
		{BADE42BB-3EB2-4C3C-969E-63B0E30903F1}.Ad-Hoc|iPhone.Deploy.0 = Release|Any CPU
		{BADE42BB-3EB2-4C3C-969E-63B0E30903F1}.Ad-Hoc|iPhoneSimulator.ActiveCfg = Release|Any CPU
		{BADE42BB-3EB2-4C3C-969E-63B0E30903F1}.Ad-Hoc|iPhoneSimulator.Build.0 = Release|Any CPU
		{BADE42BB-3EB2-4C3C-969E-63B0E30903F1}.Ad-Hoc|iPhoneSimulator.Deploy.0 = Release|Any CPU
		{BADE42BB-3EB2-4C3C-969E-63B0E30903F1}.Ad-Hoc|x64.ActiveCfg = Release|Any CPU
		{BADE42BB-3EB2-4C3C-969E-63B0E30903F1}.Ad-Hoc|x64.Build.0 = Release|Any CPU
		{BADE42BB-3EB2-4C3C-969E-63B0E30903F1}.Ad-Hoc|x64.Deploy.0 = Release|Any CPU
		{BADE42BB-3EB2-4C3C-969E-63B0E30903F1}.Ad-Hoc|x86.ActiveCfg = Release|Any CPU
		{BADE42BB-3EB2-4C3C-969E-63B0E30903F1}.Ad-Hoc|x86.Build.0 = Release|Any CPU
		{BADE42BB-3EB2-4C3C-969E-63B0E30903F1}.Ad-Hoc|x86.Deploy.0 = Release|Any CPU
		{BADE42BB-3EB2-4C3C-969E-63B0E30903F1}.AppStore|Any CPU.ActiveCfg = Release|Any CPU
		{BADE42BB-3EB2-4C3C-969E-63B0E30903F1}.AppStore|Any CPU.Build.0 = Release|Any CPU
		{BADE42BB-3EB2-4C3C-969E-63B0E30903F1}.AppStore|Any CPU.Deploy.0 = Release|Any CPU
		{BADE42BB-3EB2-4C3C-969E-63B0E30903F1}.AppStore|ARM.ActiveCfg = Release|Any CPU
		{BADE42BB-3EB2-4C3C-969E-63B0E30903F1}.AppStore|ARM.Build.0 = Release|Any CPU
		{BADE42BB-3EB2-4C3C-969E-63B0E30903F1}.AppStore|ARM.Deploy.0 = Release|Any CPU
		{BADE42BB-3EB2-4C3C-969E-63B0E30903F1}.AppStore|iPhone.ActiveCfg = Release|Any CPU
		{BADE42BB-3EB2-4C3C-969E-63B0E30903F1}.AppStore|iPhone.Build.0 = Release|Any CPU
		{BADE42BB-3EB2-4C3C-969E-63B0E30903F1}.AppStore|iPhone.Deploy.0 = Release|Any CPU
		{BADE42BB-3EB2-4C3C-969E-63B0E30903F1}.AppStore|iPhoneSimulator.ActiveCfg = Release|Any CPU
		{BADE42BB-3EB2-4C3C-969E-63B0E30903F1}.AppStore|iPhoneSimulator.Build.0 = Release|Any CPU
		{BADE42BB-3EB2-4C3C-969E-63B0E30903F1}.AppStore|iPhoneSimulator.Deploy.0 = Release|Any CPU
		{BADE42BB-3EB2-4C3C-969E-63B0E30903F1}.AppStore|x64.ActiveCfg = Release|Any CPU
		{BADE42BB-3EB2-4C3C-969E-63B0E30903F1}.AppStore|x64.Build.0 = Release|Any CPU
		{BADE42BB-3EB2-4C3C-969E-63B0E30903F1}.AppStore|x64.Deploy.0 = Release|Any CPU
		{BADE42BB-3EB2-4C3C-969E-63B0E30903F1}.AppStore|x86.ActiveCfg = Release|Any CPU
		{BADE42BB-3EB2-4C3C-969E-63B0E30903F1}.AppStore|x86.Build.0 = Release|Any CPU
		{BADE42BB-3EB2-4C3C-969E-63B0E30903F1}.AppStore|x86.Deploy.0 = Release|Any CPU
		{BADE42BB-3EB2-4C3C-969E-63B0E30903F1}.Debug|Any CPU.ActiveCfg = Debug|Any CPU
		{BADE42BB-3EB2-4C3C-969E-63B0E30903F1}.Debug|Any CPU.Build.0 = Debug|Any CPU
		{BADE42BB-3EB2-4C3C-969E-63B0E30903F1}.Debug|Any CPU.Deploy.0 = Debug|Any CPU
		{BADE42BB-3EB2-4C3C-969E-63B0E30903F1}.Debug|ARM.ActiveCfg = Debug|Any CPU
		{BADE42BB-3EB2-4C3C-969E-63B0E30903F1}.Debug|ARM.Build.0 = Debug|Any CPU
		{BADE42BB-3EB2-4C3C-969E-63B0E30903F1}.Debug|ARM.Deploy.0 = Debug|Any CPU
		{BADE42BB-3EB2-4C3C-969E-63B0E30903F1}.Debug|iPhone.ActiveCfg = Debug|Any CPU
		{BADE42BB-3EB2-4C3C-969E-63B0E30903F1}.Debug|iPhone.Build.0 = Debug|Any CPU
		{BADE42BB-3EB2-4C3C-969E-63B0E30903F1}.Debug|iPhone.Deploy.0 = Debug|Any CPU
		{BADE42BB-3EB2-4C3C-969E-63B0E30903F1}.Debug|iPhoneSimulator.ActiveCfg = Debug|Any CPU
		{BADE42BB-3EB2-4C3C-969E-63B0E30903F1}.Debug|iPhoneSimulator.Build.0 = Debug|Any CPU
		{BADE42BB-3EB2-4C3C-969E-63B0E30903F1}.Debug|iPhoneSimulator.Deploy.0 = Debug|Any CPU
		{BADE42BB-3EB2-4C3C-969E-63B0E30903F1}.Debug|x64.ActiveCfg = Debug|Any CPU
		{BADE42BB-3EB2-4C3C-969E-63B0E30903F1}.Debug|x64.Build.0 = Debug|Any CPU
		{BADE42BB-3EB2-4C3C-969E-63B0E30903F1}.Debug|x64.Deploy.0 = Debug|Any CPU
		{BADE42BB-3EB2-4C3C-969E-63B0E30903F1}.Debug|x86.ActiveCfg = Debug|Any CPU
		{BADE42BB-3EB2-4C3C-969E-63B0E30903F1}.Debug|x86.Build.0 = Debug|Any CPU
		{BADE42BB-3EB2-4C3C-969E-63B0E30903F1}.Debug|x86.Deploy.0 = Debug|Any CPU
		{BADE42BB-3EB2-4C3C-969E-63B0E30903F1}.Release|Any CPU.ActiveCfg = Release|Any CPU
		{BADE42BB-3EB2-4C3C-969E-63B0E30903F1}.Release|Any CPU.Build.0 = Release|Any CPU
		{BADE42BB-3EB2-4C3C-969E-63B0E30903F1}.Release|Any CPU.Deploy.0 = Release|Any CPU
		{BADE42BB-3EB2-4C3C-969E-63B0E30903F1}.Release|ARM.ActiveCfg = Release|Any CPU
		{BADE42BB-3EB2-4C3C-969E-63B0E30903F1}.Release|ARM.Build.0 = Release|Any CPU
		{BADE42BB-3EB2-4C3C-969E-63B0E30903F1}.Release|ARM.Deploy.0 = Release|Any CPU
		{BADE42BB-3EB2-4C3C-969E-63B0E30903F1}.Release|iPhone.ActiveCfg = Release|Any CPU
		{BADE42BB-3EB2-4C3C-969E-63B0E30903F1}.Release|iPhone.Build.0 = Release|Any CPU
		{BADE42BB-3EB2-4C3C-969E-63B0E30903F1}.Release|iPhone.Deploy.0 = Release|Any CPU
		{BADE42BB-3EB2-4C3C-969E-63B0E30903F1}.Release|iPhoneSimulator.ActiveCfg = Release|Any CPU
		{BADE42BB-3EB2-4C3C-969E-63B0E30903F1}.Release|iPhoneSimulator.Build.0 = Release|Any CPU
		{BADE42BB-3EB2-4C3C-969E-63B0E30903F1}.Release|iPhoneSimulator.Deploy.0 = Release|Any CPU
		{BADE42BB-3EB2-4C3C-969E-63B0E30903F1}.Release|x64.ActiveCfg = Release|Any CPU
		{BADE42BB-3EB2-4C3C-969E-63B0E30903F1}.Release|x64.Build.0 = Release|Any CPU
		{BADE42BB-3EB2-4C3C-969E-63B0E30903F1}.Release|x64.Deploy.0 = Release|Any CPU
		{BADE42BB-3EB2-4C3C-969E-63B0E30903F1}.Release|x86.ActiveCfg = Release|Any CPU
		{BADE42BB-3EB2-4C3C-969E-63B0E30903F1}.Release|x86.Build.0 = Release|Any CPU
		{BADE42BB-3EB2-4C3C-969E-63B0E30903F1}.Release|x86.Deploy.0 = Release|Any CPU
		{C567A9AD-6740-4A70-AA42-28C625E293B2}.Ad-Hoc|Any CPU.ActiveCfg = Ad-Hoc|iPhone
		{C567A9AD-6740-4A70-AA42-28C625E293B2}.Ad-Hoc|ARM.ActiveCfg = Ad-Hoc|iPhone
		{C567A9AD-6740-4A70-AA42-28C625E293B2}.Ad-Hoc|iPhone.ActiveCfg = Ad-Hoc|iPhone
		{C567A9AD-6740-4A70-AA42-28C625E293B2}.Ad-Hoc|iPhone.Build.0 = Ad-Hoc|iPhone
		{C567A9AD-6740-4A70-AA42-28C625E293B2}.Ad-Hoc|iPhoneSimulator.ActiveCfg = Ad-Hoc|iPhoneSimulator
		{C567A9AD-6740-4A70-AA42-28C625E293B2}.Ad-Hoc|iPhoneSimulator.Build.0 = Ad-Hoc|iPhoneSimulator
		{C567A9AD-6740-4A70-AA42-28C625E293B2}.Ad-Hoc|x64.ActiveCfg = Ad-Hoc|iPhone
		{C567A9AD-6740-4A70-AA42-28C625E293B2}.Ad-Hoc|x86.ActiveCfg = Ad-Hoc|iPhone
		{C567A9AD-6740-4A70-AA42-28C625E293B2}.AppStore|Any CPU.ActiveCfg = AppStore|iPhone
		{C567A9AD-6740-4A70-AA42-28C625E293B2}.AppStore|ARM.ActiveCfg = AppStore|iPhone
		{C567A9AD-6740-4A70-AA42-28C625E293B2}.AppStore|iPhone.ActiveCfg = AppStore|iPhone
		{C567A9AD-6740-4A70-AA42-28C625E293B2}.AppStore|iPhone.Build.0 = AppStore|iPhone
		{C567A9AD-6740-4A70-AA42-28C625E293B2}.AppStore|iPhoneSimulator.ActiveCfg = AppStore|iPhoneSimulator
		{C567A9AD-6740-4A70-AA42-28C625E293B2}.AppStore|iPhoneSimulator.Build.0 = AppStore|iPhoneSimulator
		{C567A9AD-6740-4A70-AA42-28C625E293B2}.AppStore|x64.ActiveCfg = AppStore|iPhone
		{C567A9AD-6740-4A70-AA42-28C625E293B2}.AppStore|x86.ActiveCfg = AppStore|iPhone
		{C567A9AD-6740-4A70-AA42-28C625E293B2}.Debug|Any CPU.ActiveCfg = Debug|iPhone
		{C567A9AD-6740-4A70-AA42-28C625E293B2}.Debug|ARM.ActiveCfg = Debug|iPhone
		{C567A9AD-6740-4A70-AA42-28C625E293B2}.Debug|iPhone.ActiveCfg = Debug|iPhone
		{C567A9AD-6740-4A70-AA42-28C625E293B2}.Debug|iPhone.Build.0 = Debug|iPhone
		{C567A9AD-6740-4A70-AA42-28C625E293B2}.Debug|iPhoneSimulator.ActiveCfg = Debug|iPhoneSimulator
		{C567A9AD-6740-4A70-AA42-28C625E293B2}.Debug|iPhoneSimulator.Build.0 = Debug|iPhoneSimulator
		{C567A9AD-6740-4A70-AA42-28C625E293B2}.Debug|x64.ActiveCfg = Debug|iPhone
		{C567A9AD-6740-4A70-AA42-28C625E293B2}.Debug|x86.ActiveCfg = Debug|iPhone
		{C567A9AD-6740-4A70-AA42-28C625E293B2}.Release|Any CPU.ActiveCfg = Release|iPhone
		{C567A9AD-6740-4A70-AA42-28C625E293B2}.Release|ARM.ActiveCfg = Release|iPhone
		{C567A9AD-6740-4A70-AA42-28C625E293B2}.Release|iPhone.ActiveCfg = Release|iPhone
		{C567A9AD-6740-4A70-AA42-28C625E293B2}.Release|iPhone.Build.0 = Release|iPhone
		{C567A9AD-6740-4A70-AA42-28C625E293B2}.Release|iPhoneSimulator.ActiveCfg = Release|iPhoneSimulator
		{C567A9AD-6740-4A70-AA42-28C625E293B2}.Release|iPhoneSimulator.Build.0 = Release|iPhoneSimulator
		{C567A9AD-6740-4A70-AA42-28C625E293B2}.Release|x64.ActiveCfg = Release|iPhone
		{C567A9AD-6740-4A70-AA42-28C625E293B2}.Release|x86.ActiveCfg = Release|iPhone
		{A3E9AFB2-C2BB-4664-91BA-4376C513991C}.Ad-Hoc|Any CPU.ActiveCfg = Release|Any CPU
		{A3E9AFB2-C2BB-4664-91BA-4376C513991C}.Ad-Hoc|Any CPU.Build.0 = Release|Any CPU
		{A3E9AFB2-C2BB-4664-91BA-4376C513991C}.Ad-Hoc|Any CPU.Deploy.0 = Release|Any CPU
		{A3E9AFB2-C2BB-4664-91BA-4376C513991C}.Ad-Hoc|ARM.ActiveCfg = Release|ARM
		{A3E9AFB2-C2BB-4664-91BA-4376C513991C}.Ad-Hoc|ARM.Build.0 = Release|ARM
		{A3E9AFB2-C2BB-4664-91BA-4376C513991C}.Ad-Hoc|ARM.Deploy.0 = Release|ARM
		{A3E9AFB2-C2BB-4664-91BA-4376C513991C}.Ad-Hoc|iPhone.ActiveCfg = Release|Any CPU
		{A3E9AFB2-C2BB-4664-91BA-4376C513991C}.Ad-Hoc|iPhone.Build.0 = Release|Any CPU
		{A3E9AFB2-C2BB-4664-91BA-4376C513991C}.Ad-Hoc|iPhone.Deploy.0 = Release|Any CPU
		{A3E9AFB2-C2BB-4664-91BA-4376C513991C}.Ad-Hoc|iPhoneSimulator.ActiveCfg = Release|Any CPU
		{A3E9AFB2-C2BB-4664-91BA-4376C513991C}.Ad-Hoc|iPhoneSimulator.Build.0 = Release|Any CPU
		{A3E9AFB2-C2BB-4664-91BA-4376C513991C}.Ad-Hoc|iPhoneSimulator.Deploy.0 = Release|Any CPU
		{A3E9AFB2-C2BB-4664-91BA-4376C513991C}.Ad-Hoc|x64.ActiveCfg = Release|Any CPU
		{A3E9AFB2-C2BB-4664-91BA-4376C513991C}.Ad-Hoc|x64.Build.0 = Release|Any CPU
		{A3E9AFB2-C2BB-4664-91BA-4376C513991C}.Ad-Hoc|x64.Deploy.0 = Release|Any CPU
		{A3E9AFB2-C2BB-4664-91BA-4376C513991C}.Ad-Hoc|x86.ActiveCfg = Release|x86
		{A3E9AFB2-C2BB-4664-91BA-4376C513991C}.Ad-Hoc|x86.Build.0 = Release|x86
		{A3E9AFB2-C2BB-4664-91BA-4376C513991C}.Ad-Hoc|x86.Deploy.0 = Release|x86
		{A3E9AFB2-C2BB-4664-91BA-4376C513991C}.AppStore|Any CPU.ActiveCfg = Release|Any CPU
		{A3E9AFB2-C2BB-4664-91BA-4376C513991C}.AppStore|Any CPU.Build.0 = Release|Any CPU
		{A3E9AFB2-C2BB-4664-91BA-4376C513991C}.AppStore|Any CPU.Deploy.0 = Release|Any CPU
		{A3E9AFB2-C2BB-4664-91BA-4376C513991C}.AppStore|ARM.ActiveCfg = Release|ARM
		{A3E9AFB2-C2BB-4664-91BA-4376C513991C}.AppStore|ARM.Build.0 = Release|ARM
		{A3E9AFB2-C2BB-4664-91BA-4376C513991C}.AppStore|ARM.Deploy.0 = Release|ARM
		{A3E9AFB2-C2BB-4664-91BA-4376C513991C}.AppStore|iPhone.ActiveCfg = Release|Any CPU
		{A3E9AFB2-C2BB-4664-91BA-4376C513991C}.AppStore|iPhone.Build.0 = Release|Any CPU
		{A3E9AFB2-C2BB-4664-91BA-4376C513991C}.AppStore|iPhone.Deploy.0 = Release|Any CPU
		{A3E9AFB2-C2BB-4664-91BA-4376C513991C}.AppStore|iPhoneSimulator.ActiveCfg = Release|Any CPU
		{A3E9AFB2-C2BB-4664-91BA-4376C513991C}.AppStore|iPhoneSimulator.Build.0 = Release|Any CPU
		{A3E9AFB2-C2BB-4664-91BA-4376C513991C}.AppStore|iPhoneSimulator.Deploy.0 = Release|Any CPU
		{A3E9AFB2-C2BB-4664-91BA-4376C513991C}.AppStore|x64.ActiveCfg = Release|Any CPU
		{A3E9AFB2-C2BB-4664-91BA-4376C513991C}.AppStore|x64.Build.0 = Release|Any CPU
		{A3E9AFB2-C2BB-4664-91BA-4376C513991C}.AppStore|x64.Deploy.0 = Release|Any CPU
		{A3E9AFB2-C2BB-4664-91BA-4376C513991C}.AppStore|x86.ActiveCfg = Release|x86
		{A3E9AFB2-C2BB-4664-91BA-4376C513991C}.AppStore|x86.Build.0 = Release|x86
		{A3E9AFB2-C2BB-4664-91BA-4376C513991C}.AppStore|x86.Deploy.0 = Release|x86
		{A3E9AFB2-C2BB-4664-91BA-4376C513991C}.Debug|Any CPU.ActiveCfg = Debug|Any CPU
		{A3E9AFB2-C2BB-4664-91BA-4376C513991C}.Debug|Any CPU.Build.0 = Debug|Any CPU
		{A3E9AFB2-C2BB-4664-91BA-4376C513991C}.Debug|Any CPU.Deploy.0 = Debug|Any CPU
		{A3E9AFB2-C2BB-4664-91BA-4376C513991C}.Debug|ARM.ActiveCfg = Debug|ARM
		{A3E9AFB2-C2BB-4664-91BA-4376C513991C}.Debug|ARM.Build.0 = Debug|ARM
		{A3E9AFB2-C2BB-4664-91BA-4376C513991C}.Debug|ARM.Deploy.0 = Debug|ARM
		{A3E9AFB2-C2BB-4664-91BA-4376C513991C}.Debug|iPhone.ActiveCfg = Debug|Any CPU
		{A3E9AFB2-C2BB-4664-91BA-4376C513991C}.Debug|iPhone.Build.0 = Debug|Any CPU
		{A3E9AFB2-C2BB-4664-91BA-4376C513991C}.Debug|iPhone.Deploy.0 = Debug|Any CPU
		{A3E9AFB2-C2BB-4664-91BA-4376C513991C}.Debug|iPhoneSimulator.ActiveCfg = Debug|Any CPU
		{A3E9AFB2-C2BB-4664-91BA-4376C513991C}.Debug|iPhoneSimulator.Build.0 = Debug|Any CPU
		{A3E9AFB2-C2BB-4664-91BA-4376C513991C}.Debug|iPhoneSimulator.Deploy.0 = Debug|Any CPU
		{A3E9AFB2-C2BB-4664-91BA-4376C513991C}.Debug|x64.ActiveCfg = Debug|Any CPU
		{A3E9AFB2-C2BB-4664-91BA-4376C513991C}.Debug|x64.Build.0 = Debug|Any CPU
		{A3E9AFB2-C2BB-4664-91BA-4376C513991C}.Debug|x64.Deploy.0 = Debug|Any CPU
		{A3E9AFB2-C2BB-4664-91BA-4376C513991C}.Debug|x86.ActiveCfg = Debug|x86
		{A3E9AFB2-C2BB-4664-91BA-4376C513991C}.Debug|x86.Build.0 = Debug|x86
		{A3E9AFB2-C2BB-4664-91BA-4376C513991C}.Debug|x86.Deploy.0 = Debug|x86
		{A3E9AFB2-C2BB-4664-91BA-4376C513991C}.Release|Any CPU.ActiveCfg = Release|Any CPU
		{A3E9AFB2-C2BB-4664-91BA-4376C513991C}.Release|Any CPU.Build.0 = Release|Any CPU
		{A3E9AFB2-C2BB-4664-91BA-4376C513991C}.Release|Any CPU.Deploy.0 = Release|Any CPU
		{A3E9AFB2-C2BB-4664-91BA-4376C513991C}.Release|ARM.ActiveCfg = Release|ARM
		{A3E9AFB2-C2BB-4664-91BA-4376C513991C}.Release|ARM.Build.0 = Release|ARM
		{A3E9AFB2-C2BB-4664-91BA-4376C513991C}.Release|ARM.Deploy.0 = Release|ARM
		{A3E9AFB2-C2BB-4664-91BA-4376C513991C}.Release|iPhone.ActiveCfg = Release|Any CPU
		{A3E9AFB2-C2BB-4664-91BA-4376C513991C}.Release|iPhone.Build.0 = Release|Any CPU
		{A3E9AFB2-C2BB-4664-91BA-4376C513991C}.Release|iPhone.Deploy.0 = Release|Any CPU
		{A3E9AFB2-C2BB-4664-91BA-4376C513991C}.Release|iPhoneSimulator.ActiveCfg = Release|Any CPU
		{A3E9AFB2-C2BB-4664-91BA-4376C513991C}.Release|iPhoneSimulator.Build.0 = Release|Any CPU
		{A3E9AFB2-C2BB-4664-91BA-4376C513991C}.Release|iPhoneSimulator.Deploy.0 = Release|Any CPU
		{A3E9AFB2-C2BB-4664-91BA-4376C513991C}.Release|x64.ActiveCfg = Release|Any CPU
		{A3E9AFB2-C2BB-4664-91BA-4376C513991C}.Release|x64.Build.0 = Release|Any CPU
		{A3E9AFB2-C2BB-4664-91BA-4376C513991C}.Release|x64.Deploy.0 = Release|Any CPU
		{A3E9AFB2-C2BB-4664-91BA-4376C513991C}.Release|x86.ActiveCfg = Release|x86
		{A3E9AFB2-C2BB-4664-91BA-4376C513991C}.Release|x86.Build.0 = Release|x86
		{A3E9AFB2-C2BB-4664-91BA-4376C513991C}.Release|x86.Deploy.0 = Release|x86
		{3B017880-9C93-423B-9F9B-0EC093A50D79}.Ad-Hoc|Any CPU.ActiveCfg = Release|x86
		{3B017880-9C93-423B-9F9B-0EC093A50D79}.Ad-Hoc|Any CPU.Build.0 = Release|x86
		{3B017880-9C93-423B-9F9B-0EC093A50D79}.Ad-Hoc|Any CPU.Deploy.0 = Release|x86
		{3B017880-9C93-423B-9F9B-0EC093A50D79}.Ad-Hoc|ARM.ActiveCfg = Release|ARM
		{3B017880-9C93-423B-9F9B-0EC093A50D79}.Ad-Hoc|ARM.Build.0 = Release|ARM
		{3B017880-9C93-423B-9F9B-0EC093A50D79}.Ad-Hoc|ARM.Deploy.0 = Release|ARM
		{3B017880-9C93-423B-9F9B-0EC093A50D79}.Ad-Hoc|iPhone.ActiveCfg = Release|x86
		{3B017880-9C93-423B-9F9B-0EC093A50D79}.Ad-Hoc|iPhone.Build.0 = Release|x86
		{3B017880-9C93-423B-9F9B-0EC093A50D79}.Ad-Hoc|iPhone.Deploy.0 = Release|x86
		{3B017880-9C93-423B-9F9B-0EC093A50D79}.Ad-Hoc|iPhoneSimulator.ActiveCfg = Release|x86
		{3B017880-9C93-423B-9F9B-0EC093A50D79}.Ad-Hoc|iPhoneSimulator.Build.0 = Release|x86
		{3B017880-9C93-423B-9F9B-0EC093A50D79}.Ad-Hoc|iPhoneSimulator.Deploy.0 = Release|x86
		{3B017880-9C93-423B-9F9B-0EC093A50D79}.Ad-Hoc|x64.ActiveCfg = Release|x64
		{3B017880-9C93-423B-9F9B-0EC093A50D79}.Ad-Hoc|x64.Build.0 = Release|x64
		{3B017880-9C93-423B-9F9B-0EC093A50D79}.Ad-Hoc|x64.Deploy.0 = Release|x64
		{3B017880-9C93-423B-9F9B-0EC093A50D79}.Ad-Hoc|x86.ActiveCfg = Release|x86
		{3B017880-9C93-423B-9F9B-0EC093A50D79}.Ad-Hoc|x86.Build.0 = Release|x86
		{3B017880-9C93-423B-9F9B-0EC093A50D79}.Ad-Hoc|x86.Deploy.0 = Release|x86
		{3B017880-9C93-423B-9F9B-0EC093A50D79}.AppStore|Any CPU.ActiveCfg = Release|x86
		{3B017880-9C93-423B-9F9B-0EC093A50D79}.AppStore|Any CPU.Build.0 = Release|x86
		{3B017880-9C93-423B-9F9B-0EC093A50D79}.AppStore|Any CPU.Deploy.0 = Release|x86
		{3B017880-9C93-423B-9F9B-0EC093A50D79}.AppStore|ARM.ActiveCfg = Release|ARM
		{3B017880-9C93-423B-9F9B-0EC093A50D79}.AppStore|ARM.Build.0 = Release|ARM
		{3B017880-9C93-423B-9F9B-0EC093A50D79}.AppStore|ARM.Deploy.0 = Release|ARM
		{3B017880-9C93-423B-9F9B-0EC093A50D79}.AppStore|iPhone.ActiveCfg = Release|x86
		{3B017880-9C93-423B-9F9B-0EC093A50D79}.AppStore|iPhone.Build.0 = Release|x86
		{3B017880-9C93-423B-9F9B-0EC093A50D79}.AppStore|iPhone.Deploy.0 = Release|x86
		{3B017880-9C93-423B-9F9B-0EC093A50D79}.AppStore|iPhoneSimulator.ActiveCfg = Release|x86
		{3B017880-9C93-423B-9F9B-0EC093A50D79}.AppStore|iPhoneSimulator.Build.0 = Release|x86
		{3B017880-9C93-423B-9F9B-0EC093A50D79}.AppStore|iPhoneSimulator.Deploy.0 = Release|x86
		{3B017880-9C93-423B-9F9B-0EC093A50D79}.AppStore|x64.ActiveCfg = Release|x64
		{3B017880-9C93-423B-9F9B-0EC093A50D79}.AppStore|x64.Build.0 = Release|x64
		{3B017880-9C93-423B-9F9B-0EC093A50D79}.AppStore|x64.Deploy.0 = Release|x64
		{3B017880-9C93-423B-9F9B-0EC093A50D79}.AppStore|x86.ActiveCfg = Release|x86
		{3B017880-9C93-423B-9F9B-0EC093A50D79}.AppStore|x86.Build.0 = Release|x86
		{3B017880-9C93-423B-9F9B-0EC093A50D79}.AppStore|x86.Deploy.0 = Release|x86
		{3B017880-9C93-423B-9F9B-0EC093A50D79}.Debug|Any CPU.ActiveCfg = Debug|x86
		{3B017880-9C93-423B-9F9B-0EC093A50D79}.Debug|ARM.ActiveCfg = Debug|ARM
		{3B017880-9C93-423B-9F9B-0EC093A50D79}.Debug|ARM.Build.0 = Debug|ARM
		{3B017880-9C93-423B-9F9B-0EC093A50D79}.Debug|ARM.Deploy.0 = Debug|ARM
		{3B017880-9C93-423B-9F9B-0EC093A50D79}.Debug|iPhone.ActiveCfg = Debug|x86
		{3B017880-9C93-423B-9F9B-0EC093A50D79}.Debug|iPhoneSimulator.ActiveCfg = Debug|x86
		{3B017880-9C93-423B-9F9B-0EC093A50D79}.Debug|x64.ActiveCfg = Debug|x64
		{3B017880-9C93-423B-9F9B-0EC093A50D79}.Debug|x64.Build.0 = Debug|x64
		{3B017880-9C93-423B-9F9B-0EC093A50D79}.Debug|x64.Deploy.0 = Debug|x64
		{3B017880-9C93-423B-9F9B-0EC093A50D79}.Debug|x86.ActiveCfg = Debug|x86
		{3B017880-9C93-423B-9F9B-0EC093A50D79}.Debug|x86.Build.0 = Debug|x86
		{3B017880-9C93-423B-9F9B-0EC093A50D79}.Debug|x86.Deploy.0 = Debug|x86
		{3B017880-9C93-423B-9F9B-0EC093A50D79}.Release|Any CPU.ActiveCfg = Release|x86
		{3B017880-9C93-423B-9F9B-0EC093A50D79}.Release|ARM.ActiveCfg = Release|ARM
		{3B017880-9C93-423B-9F9B-0EC093A50D79}.Release|ARM.Build.0 = Release|ARM
		{3B017880-9C93-423B-9F9B-0EC093A50D79}.Release|ARM.Deploy.0 = Release|ARM
		{3B017880-9C93-423B-9F9B-0EC093A50D79}.Release|iPhone.ActiveCfg = Release|x86
		{3B017880-9C93-423B-9F9B-0EC093A50D79}.Release|iPhoneSimulator.ActiveCfg = Release|x86
		{3B017880-9C93-423B-9F9B-0EC093A50D79}.Release|x64.ActiveCfg = Release|x64
		{3B017880-9C93-423B-9F9B-0EC093A50D79}.Release|x64.Build.0 = Release|x64
		{3B017880-9C93-423B-9F9B-0EC093A50D79}.Release|x64.Deploy.0 = Release|x64
		{3B017880-9C93-423B-9F9B-0EC093A50D79}.Release|x86.ActiveCfg = Release|x86
		{3B017880-9C93-423B-9F9B-0EC093A50D79}.Release|x86.Build.0 = Release|x86
		{3B017880-9C93-423B-9F9B-0EC093A50D79}.Release|x86.Deploy.0 = Release|x86
		{FFF7A231-BA37-42F7-9192-D43C1AA91462}.Ad-Hoc|Any CPU.ActiveCfg = Release|Any CPU
		{FFF7A231-BA37-42F7-9192-D43C1AA91462}.Ad-Hoc|Any CPU.Build.0 = Release|Any CPU
		{FFF7A231-BA37-42F7-9192-D43C1AA91462}.Ad-Hoc|Any CPU.Deploy.0 = Release|Any CPU
		{FFF7A231-BA37-42F7-9192-D43C1AA91462}.Ad-Hoc|ARM.ActiveCfg = Release|ARM
		{FFF7A231-BA37-42F7-9192-D43C1AA91462}.Ad-Hoc|ARM.Build.0 = Release|ARM
		{FFF7A231-BA37-42F7-9192-D43C1AA91462}.Ad-Hoc|ARM.Deploy.0 = Release|ARM
		{FFF7A231-BA37-42F7-9192-D43C1AA91462}.Ad-Hoc|iPhone.ActiveCfg = Release|Any CPU
		{FFF7A231-BA37-42F7-9192-D43C1AA91462}.Ad-Hoc|iPhone.Build.0 = Release|Any CPU
		{FFF7A231-BA37-42F7-9192-D43C1AA91462}.Ad-Hoc|iPhone.Deploy.0 = Release|Any CPU
		{FFF7A231-BA37-42F7-9192-D43C1AA91462}.Ad-Hoc|iPhoneSimulator.ActiveCfg = Release|Any CPU
		{FFF7A231-BA37-42F7-9192-D43C1AA91462}.Ad-Hoc|iPhoneSimulator.Build.0 = Release|Any CPU
		{FFF7A231-BA37-42F7-9192-D43C1AA91462}.Ad-Hoc|iPhoneSimulator.Deploy.0 = Release|Any CPU
		{FFF7A231-BA37-42F7-9192-D43C1AA91462}.Ad-Hoc|x64.ActiveCfg = Release|x64
		{FFF7A231-BA37-42F7-9192-D43C1AA91462}.Ad-Hoc|x64.Build.0 = Release|x64
		{FFF7A231-BA37-42F7-9192-D43C1AA91462}.Ad-Hoc|x64.Deploy.0 = Release|x64
		{FFF7A231-BA37-42F7-9192-D43C1AA91462}.Ad-Hoc|x86.ActiveCfg = Release|x86
		{FFF7A231-BA37-42F7-9192-D43C1AA91462}.Ad-Hoc|x86.Build.0 = Release|x86
		{FFF7A231-BA37-42F7-9192-D43C1AA91462}.Ad-Hoc|x86.Deploy.0 = Release|x86
		{FFF7A231-BA37-42F7-9192-D43C1AA91462}.AppStore|Any CPU.ActiveCfg = Release|Any CPU
		{FFF7A231-BA37-42F7-9192-D43C1AA91462}.AppStore|Any CPU.Build.0 = Release|Any CPU
		{FFF7A231-BA37-42F7-9192-D43C1AA91462}.AppStore|Any CPU.Deploy.0 = Release|Any CPU
		{FFF7A231-BA37-42F7-9192-D43C1AA91462}.AppStore|ARM.ActiveCfg = Release|ARM
		{FFF7A231-BA37-42F7-9192-D43C1AA91462}.AppStore|ARM.Build.0 = Release|ARM
		{FFF7A231-BA37-42F7-9192-D43C1AA91462}.AppStore|ARM.Deploy.0 = Release|ARM
		{FFF7A231-BA37-42F7-9192-D43C1AA91462}.AppStore|iPhone.ActiveCfg = Release|Any CPU
		{FFF7A231-BA37-42F7-9192-D43C1AA91462}.AppStore|iPhone.Build.0 = Release|Any CPU
		{FFF7A231-BA37-42F7-9192-D43C1AA91462}.AppStore|iPhone.Deploy.0 = Release|Any CPU
		{FFF7A231-BA37-42F7-9192-D43C1AA91462}.AppStore|iPhoneSimulator.ActiveCfg = Release|Any CPU
		{FFF7A231-BA37-42F7-9192-D43C1AA91462}.AppStore|iPhoneSimulator.Build.0 = Release|Any CPU
		{FFF7A231-BA37-42F7-9192-D43C1AA91462}.AppStore|iPhoneSimulator.Deploy.0 = Release|Any CPU
		{FFF7A231-BA37-42F7-9192-D43C1AA91462}.AppStore|x64.ActiveCfg = Release|x64
		{FFF7A231-BA37-42F7-9192-D43C1AA91462}.AppStore|x64.Build.0 = Release|x64
		{FFF7A231-BA37-42F7-9192-D43C1AA91462}.AppStore|x64.Deploy.0 = Release|x64
		{FFF7A231-BA37-42F7-9192-D43C1AA91462}.AppStore|x86.ActiveCfg = Release|x86
		{FFF7A231-BA37-42F7-9192-D43C1AA91462}.AppStore|x86.Build.0 = Release|x86
		{FFF7A231-BA37-42F7-9192-D43C1AA91462}.AppStore|x86.Deploy.0 = Release|x86
		{FFF7A231-BA37-42F7-9192-D43C1AA91462}.Debug|Any CPU.ActiveCfg = Debug|Any CPU
		{FFF7A231-BA37-42F7-9192-D43C1AA91462}.Debug|Any CPU.Build.0 = Debug|Any CPU
		{FFF7A231-BA37-42F7-9192-D43C1AA91462}.Debug|Any CPU.Deploy.0 = Debug|Any CPU
		{FFF7A231-BA37-42F7-9192-D43C1AA91462}.Debug|ARM.ActiveCfg = Debug|ARM
		{FFF7A231-BA37-42F7-9192-D43C1AA91462}.Debug|ARM.Build.0 = Debug|ARM
		{FFF7A231-BA37-42F7-9192-D43C1AA91462}.Debug|ARM.Deploy.0 = Debug|ARM
		{FFF7A231-BA37-42F7-9192-D43C1AA91462}.Debug|iPhone.ActiveCfg = Debug|Any CPU
		{FFF7A231-BA37-42F7-9192-D43C1AA91462}.Debug|iPhone.Build.0 = Debug|Any CPU
		{FFF7A231-BA37-42F7-9192-D43C1AA91462}.Debug|iPhone.Deploy.0 = Debug|Any CPU
		{FFF7A231-BA37-42F7-9192-D43C1AA91462}.Debug|iPhoneSimulator.ActiveCfg = Debug|Any CPU
		{FFF7A231-BA37-42F7-9192-D43C1AA91462}.Debug|iPhoneSimulator.Build.0 = Debug|Any CPU
		{FFF7A231-BA37-42F7-9192-D43C1AA91462}.Debug|iPhoneSimulator.Deploy.0 = Debug|Any CPU
		{FFF7A231-BA37-42F7-9192-D43C1AA91462}.Debug|x64.ActiveCfg = Debug|x64
		{FFF7A231-BA37-42F7-9192-D43C1AA91462}.Debug|x64.Build.0 = Debug|x64
		{FFF7A231-BA37-42F7-9192-D43C1AA91462}.Debug|x64.Deploy.0 = Debug|x64
		{FFF7A231-BA37-42F7-9192-D43C1AA91462}.Debug|x86.ActiveCfg = Debug|x86
		{FFF7A231-BA37-42F7-9192-D43C1AA91462}.Debug|x86.Build.0 = Debug|x86
		{FFF7A231-BA37-42F7-9192-D43C1AA91462}.Debug|x86.Deploy.0 = Debug|x86
		{FFF7A231-BA37-42F7-9192-D43C1AA91462}.Release|Any CPU.ActiveCfg = Release|Any CPU
		{FFF7A231-BA37-42F7-9192-D43C1AA91462}.Release|Any CPU.Build.0 = Release|Any CPU
		{FFF7A231-BA37-42F7-9192-D43C1AA91462}.Release|Any CPU.Deploy.0 = Release|Any CPU
		{FFF7A231-BA37-42F7-9192-D43C1AA91462}.Release|ARM.ActiveCfg = Release|ARM
		{FFF7A231-BA37-42F7-9192-D43C1AA91462}.Release|ARM.Build.0 = Release|ARM
		{FFF7A231-BA37-42F7-9192-D43C1AA91462}.Release|ARM.Deploy.0 = Release|ARM
		{FFF7A231-BA37-42F7-9192-D43C1AA91462}.Release|iPhone.ActiveCfg = Release|Any CPU
		{FFF7A231-BA37-42F7-9192-D43C1AA91462}.Release|iPhone.Build.0 = Release|Any CPU
		{FFF7A231-BA37-42F7-9192-D43C1AA91462}.Release|iPhone.Deploy.0 = Release|Any CPU
		{FFF7A231-BA37-42F7-9192-D43C1AA91462}.Release|iPhoneSimulator.ActiveCfg = Release|Any CPU
		{FFF7A231-BA37-42F7-9192-D43C1AA91462}.Release|iPhoneSimulator.Build.0 = Release|Any CPU
		{FFF7A231-BA37-42F7-9192-D43C1AA91462}.Release|iPhoneSimulator.Deploy.0 = Release|Any CPU
		{FFF7A231-BA37-42F7-9192-D43C1AA91462}.Release|x64.ActiveCfg = Release|x64
		{FFF7A231-BA37-42F7-9192-D43C1AA91462}.Release|x64.Build.0 = Release|x64
		{FFF7A231-BA37-42F7-9192-D43C1AA91462}.Release|x64.Deploy.0 = Release|x64
		{FFF7A231-BA37-42F7-9192-D43C1AA91462}.Release|x86.ActiveCfg = Release|x86
		{FFF7A231-BA37-42F7-9192-D43C1AA91462}.Release|x86.Build.0 = Release|x86
		{FFF7A231-BA37-42F7-9192-D43C1AA91462}.Release|x86.Deploy.0 = Release|x86
		{8BF276B5-BF42-4AEE-85D4-5358363C2B70}.Ad-Hoc|Any CPU.ActiveCfg = Release|Any CPU
		{8BF276B5-BF42-4AEE-85D4-5358363C2B70}.Ad-Hoc|Any CPU.Build.0 = Release|Any CPU
		{8BF276B5-BF42-4AEE-85D4-5358363C2B70}.Ad-Hoc|ARM.ActiveCfg = Release|Any CPU
		{8BF276B5-BF42-4AEE-85D4-5358363C2B70}.Ad-Hoc|ARM.Build.0 = Release|Any CPU
		{8BF276B5-BF42-4AEE-85D4-5358363C2B70}.Ad-Hoc|iPhone.ActiveCfg = Release|Any CPU
		{8BF276B5-BF42-4AEE-85D4-5358363C2B70}.Ad-Hoc|iPhone.Build.0 = Release|Any CPU
		{8BF276B5-BF42-4AEE-85D4-5358363C2B70}.Ad-Hoc|iPhoneSimulator.ActiveCfg = Release|Any CPU
		{8BF276B5-BF42-4AEE-85D4-5358363C2B70}.Ad-Hoc|iPhoneSimulator.Build.0 = Release|Any CPU
		{8BF276B5-BF42-4AEE-85D4-5358363C2B70}.Ad-Hoc|x64.ActiveCfg = Release|Any CPU
		{8BF276B5-BF42-4AEE-85D4-5358363C2B70}.Ad-Hoc|x64.Build.0 = Release|Any CPU
		{8BF276B5-BF42-4AEE-85D4-5358363C2B70}.Ad-Hoc|x86.ActiveCfg = Release|Any CPU
		{8BF276B5-BF42-4AEE-85D4-5358363C2B70}.Ad-Hoc|x86.Build.0 = Release|Any CPU
		{8BF276B5-BF42-4AEE-85D4-5358363C2B70}.AppStore|Any CPU.ActiveCfg = Release|Any CPU
		{8BF276B5-BF42-4AEE-85D4-5358363C2B70}.AppStore|Any CPU.Build.0 = Release|Any CPU
		{8BF276B5-BF42-4AEE-85D4-5358363C2B70}.AppStore|ARM.ActiveCfg = Release|Any CPU
		{8BF276B5-BF42-4AEE-85D4-5358363C2B70}.AppStore|ARM.Build.0 = Release|Any CPU
		{8BF276B5-BF42-4AEE-85D4-5358363C2B70}.AppStore|iPhone.ActiveCfg = Release|Any CPU
		{8BF276B5-BF42-4AEE-85D4-5358363C2B70}.AppStore|iPhone.Build.0 = Release|Any CPU
		{8BF276B5-BF42-4AEE-85D4-5358363C2B70}.AppStore|iPhoneSimulator.ActiveCfg = Release|Any CPU
		{8BF276B5-BF42-4AEE-85D4-5358363C2B70}.AppStore|iPhoneSimulator.Build.0 = Release|Any CPU
		{8BF276B5-BF42-4AEE-85D4-5358363C2B70}.AppStore|x64.ActiveCfg = Release|Any CPU
		{8BF276B5-BF42-4AEE-85D4-5358363C2B70}.AppStore|x64.Build.0 = Release|Any CPU
		{8BF276B5-BF42-4AEE-85D4-5358363C2B70}.AppStore|x86.ActiveCfg = Release|Any CPU
		{8BF276B5-BF42-4AEE-85D4-5358363C2B70}.AppStore|x86.Build.0 = Release|Any CPU
		{8BF276B5-BF42-4AEE-85D4-5358363C2B70}.Debug|Any CPU.ActiveCfg = Debug|Any CPU
		{8BF276B5-BF42-4AEE-85D4-5358363C2B70}.Debug|Any CPU.Build.0 = Debug|Any CPU
		{8BF276B5-BF42-4AEE-85D4-5358363C2B70}.Debug|ARM.ActiveCfg = Debug|Any CPU
		{8BF276B5-BF42-4AEE-85D4-5358363C2B70}.Debug|ARM.Build.0 = Debug|Any CPU
		{8BF276B5-BF42-4AEE-85D4-5358363C2B70}.Debug|iPhone.ActiveCfg = Debug|Any CPU
		{8BF276B5-BF42-4AEE-85D4-5358363C2B70}.Debug|iPhone.Build.0 = Debug|Any CPU
		{8BF276B5-BF42-4AEE-85D4-5358363C2B70}.Debug|iPhoneSimulator.ActiveCfg = Debug|Any CPU
		{8BF276B5-BF42-4AEE-85D4-5358363C2B70}.Debug|iPhoneSimulator.Build.0 = Debug|Any CPU
		{8BF276B5-BF42-4AEE-85D4-5358363C2B70}.Debug|x64.ActiveCfg = Debug|Any CPU
		{8BF276B5-BF42-4AEE-85D4-5358363C2B70}.Debug|x64.Build.0 = Debug|Any CPU
		{8BF276B5-BF42-4AEE-85D4-5358363C2B70}.Debug|x86.ActiveCfg = Debug|Any CPU
		{8BF276B5-BF42-4AEE-85D4-5358363C2B70}.Debug|x86.Build.0 = Debug|Any CPU
		{8BF276B5-BF42-4AEE-85D4-5358363C2B70}.Release|Any CPU.ActiveCfg = Release|Any CPU
		{8BF276B5-BF42-4AEE-85D4-5358363C2B70}.Release|Any CPU.Build.0 = Release|Any CPU
		{8BF276B5-BF42-4AEE-85D4-5358363C2B70}.Release|ARM.ActiveCfg = Release|Any CPU
		{8BF276B5-BF42-4AEE-85D4-5358363C2B70}.Release|ARM.Build.0 = Release|Any CPU
		{8BF276B5-BF42-4AEE-85D4-5358363C2B70}.Release|iPhone.ActiveCfg = Release|Any CPU
		{8BF276B5-BF42-4AEE-85D4-5358363C2B70}.Release|iPhone.Build.0 = Release|Any CPU
		{8BF276B5-BF42-4AEE-85D4-5358363C2B70}.Release|iPhoneSimulator.ActiveCfg = Release|Any CPU
		{8BF276B5-BF42-4AEE-85D4-5358363C2B70}.Release|iPhoneSimulator.Build.0 = Release|Any CPU
		{8BF276B5-BF42-4AEE-85D4-5358363C2B70}.Release|x64.ActiveCfg = Release|Any CPU
		{8BF276B5-BF42-4AEE-85D4-5358363C2B70}.Release|x64.Build.0 = Release|Any CPU
		{8BF276B5-BF42-4AEE-85D4-5358363C2B70}.Release|x86.ActiveCfg = Release|Any CPU
		{8BF276B5-BF42-4AEE-85D4-5358363C2B70}.Release|x86.Build.0 = Release|Any CPU
	EndGlobalSection
	GlobalSection(SolutionProperties) = preSolution
		HideSolutionNode = FALSE
	EndGlobalSection
EndGlobal
